
Microsoft Visual Studio Solution File, Format Version 12.00
# Visual Studio 2012
Project("{FAE04EC0-301F-11D3-BF4B-00C04F79EFBC}") = "NodeJSParser", "NodeJSParser.csproj", "{4BFD7F25-5E37-4923-85C7-5BBB07147570}"
EndProject
Project("{FAE04EC0-301F-11D3-BF4B-00C04F79EFBC}") = "AS3CodeDom", "..\..\AS3CodeDom\AS3CodeDom.csproj", "{B6C24023-FE7D-4E71-A0FA-8537C34DE01B}"
EndProject
Global
	GlobalSection(SolutionConfigurationPlatforms) = preSolution
		Debug|Any CPU = Debug|Any CPU
		Release|Any CPU = Release|Any CPU
	EndGlobalSection
	GlobalSection(ProjectConfigurationPlatforms) = postSolution
		{4BFD7F25-5E37-4923-85C7-5BBB07147570}.Debug|Any CPU.ActiveCfg = Debug|Any CPU
		{4BFD7F25-5E37-4923-85C7-5BBB07147570}.Debug|Any CPU.Build.0 = Debug|Any CPU
		{4BFD7F25-5E37-4923-85C7-5BBB07147570}.Release|Any CPU.ActiveCfg = Release|Any CPU
		{4BFD7F25-5E37-4923-85C7-5BBB07147570}.Release|Any CPU.Build.0 = Release|Any CPU
		{B6C24023-FE7D-4E71-A0FA-8537C34DE01B}.Debug|Any CPU.ActiveCfg = Debug|Any CPU
		{B6C24023-FE7D-4E71-A0FA-8537C34DE01B}.Debug|Any CPU.Build.0 = Debug|Any CPU
		{B6C24023-FE7D-4E71-A0FA-8537C34DE01B}.Release|Any CPU.ActiveCfg = Release|Any CPU
		{B6C24023-FE7D-4E71-A0FA-8537C34DE01B}.Release|Any CPU.Build.0 = Release|Any CPU
	EndGlobalSection
	GlobalSection(SolutionProperties) = preSolution
		HideSolutionNode = FALSE
	EndGlobalSection
EndGlobal
