
Microsoft Visual Studio Solution File, Format Version 12.00
# Visual Studio 2012
Project("{FAE04EC0-301F-11D3-BF4B-00C04F79EFBC}") = "ConsoleApplication1", "ConsoleApplication1.csproj", "{F11D6F60-BA08-4316-9D08-CE9A2F897191}"
EndProject
Project("{FAE04EC0-301F-11D3-BF4B-00C04F79EFBC}") = "AS3CodeDom", "..\..\AS3CodeDom\AS3CodeDom.csproj", "{B6C24023-FE7D-4E71-A0FA-8537C34DE01B}"
EndProject
Global
	GlobalSection(SolutionConfigurationPlatforms) = preSolution
		Debug|Any CPU = Debug|Any CPU
		Release|Any CPU = Release|Any CPU
	EndGlobalSection
	GlobalSection(ProjectConfigurationPlatforms) = postSolution
		{F11D6F60-BA08-4316-9D08-CE9A2F897191}.Debug|Any CPU.ActiveCfg = Debug|Any CPU
		{F11D6F60-BA08-4316-9D08-CE9A2F897191}.Debug|Any CPU.Build.0 = Debug|Any CPU
		{F11D6F60-BA08-4316-9D08-CE9A2F897191}.Release|Any CPU.ActiveCfg = Release|Any CPU
		{F11D6F60-BA08-4316-9D08-CE9A2F897191}.Release|Any CPU.Build.0 = Release|Any CPU
		{B6C24023-FE7D-4E71-A0FA-8537C34DE01B}.Debug|Any CPU.ActiveCfg = Debug|Any CPU
		{B6C24023-FE7D-4E71-A0FA-8537C34DE01B}.Debug|Any CPU.Build.0 = Debug|Any CPU
		{B6C24023-FE7D-4E71-A0FA-8537C34DE01B}.Release|Any CPU.ActiveCfg = Release|Any CPU
		{B6C24023-FE7D-4E71-A0FA-8537C34DE01B}.Release|Any CPU.Build.0 = Release|Any CPU
	EndGlobalSection
	GlobalSection(SolutionProperties) = preSolution
		HideSolutionNode = FALSE
	EndGlobalSection
EndGlobal
